
Microsoft Visual Studio Solution File, Format Version 12.00
# Visual Studio Version 16
VisualStudioVersion = 16.0.31205.134
MinimumVisualStudioVersion = 10.0.40219.1
Project("{FAE04EC0-301F-11D3-BF4B-00C04F79EFBC}") = "EntityDbOrnek", "EntityDbOrnek\EntityDbOrnek.csproj", "{9A82A9A3-6DFB-4E62-8B48-987DA50948C1}"
EndProject
Global
	GlobalSection(SolutionConfigurationPlatforms) = preSolution
		Debug|Any CPU = Debug|Any CPU
		Release|Any CPU = Release|Any CPU
	EndGlobalSection
	GlobalSection(ProjectConfigurationPlatforms) = postSolution
		{9A82A9A3-6DFB-4E62-8B48-987DA50948C1}.Debug|Any CPU.ActiveCfg = Debug|Any CPU
		{9A82A9A3-6DFB-4E62-8B48-987DA50948C1}.Debug|Any CPU.Build.0 = Debug|Any CPU
		{9A82A9A3-6DFB-4E62-8B48-987DA50948C1}.Release|Any CPU.ActiveCfg = Release|Any CPU
		{9A82A9A3-6DFB-4E62-8B48-987DA50948C1}.Release|Any CPU.Build.0 = Release|Any CPU
	EndGlobalSection
	GlobalSection(SolutionProperties) = preSolution
		HideSolutionNode = FALSE
	EndGlobalSection
	GlobalSection(ExtensibilityGlobals) = postSolution
		SolutionGuid = {3F1F63AA-8CCA-4FC7-B47B-AB40625454FD}
	EndGlobalSection
EndGlobal
